
Microsoft Visual Studio Solution File, Format Version 12.00
# Visual Studio Version 17
VisualStudioVersion = 17.2.32314.265
MinimumVisualStudioVersion = 10.0.40219.1
Project("{9A19103F-16F7-4668-BE54-9A1E7A4F7556}") = "Charp.Runner", "src\Charp.Runner\Charp.Runner.csproj", "{EF56C0EE-5E93-4AB0-93B8-B77BD202A0D6}"
EndProject
Project("{9A19103F-16F7-4668-BE54-9A1E7A4F7556}") = "Charp.Core", "src\Charp.Core\Charp.Core.csproj", "{0F6D424C-B7FE-4C33-B55D-6F28C6419469}"
EndProject
Project("{9A19103F-16F7-4668-BE54-9A1E7A4F7556}") = "Charp.Test", "test\Charp.Test\Charp.Test.csproj", "{88EF99D1-54E5-4740-8B21-8A041D981B40}"
EndProject
Project("{9A19103F-16F7-4668-BE54-9A1E7A4F7556}") = "Charp.Test.Data", "test\Charp.Test.Data\Charp.Test.Data.csproj", "{97364CB2-DA93-4DE9-9608-E09E28306D5B}"
EndProject
Project("{FAE04EC0-301F-11D3-BF4B-00C04F79EFBC}") = "LocalProjectDependency", "test\LocalProjectDependency\LocalProjectDependency.csproj", "{81E4FA6B-7746-4915-BE7A-68A103D70CD1}"
EndProject
Global
	GlobalSection(SolutionConfigurationPlatforms) = preSolution
		Debug|Any CPU = Debug|Any CPU
		Release|Any CPU = Release|Any CPU
	EndGlobalSection
	GlobalSection(ProjectConfigurationPlatforms) = postSolution
		{EF56C0EE-5E93-4AB0-93B8-B77BD202A0D6}.Debug|Any CPU.ActiveCfg = Debug|Any CPU
		{EF56C0EE-5E93-4AB0-93B8-B77BD202A0D6}.Debug|Any CPU.Build.0 = Debug|Any CPU
		{EF56C0EE-5E93-4AB0-93B8-B77BD202A0D6}.Release|Any CPU.ActiveCfg = Release|Any CPU
		{EF56C0EE-5E93-4AB0-93B8-B77BD202A0D6}.Release|Any CPU.Build.0 = Release|Any CPU
		{0F6D424C-B7FE-4C33-B55D-6F28C6419469}.Debug|Any CPU.ActiveCfg = Debug|Any CPU
		{0F6D424C-B7FE-4C33-B55D-6F28C6419469}.Debug|Any CPU.Build.0 = Debug|Any CPU
		{0F6D424C-B7FE-4C33-B55D-6F28C6419469}.Release|Any CPU.ActiveCfg = Release|Any CPU
		{0F6D424C-B7FE-4C33-B55D-6F28C6419469}.Release|Any CPU.Build.0 = Release|Any CPU
		{88EF99D1-54E5-4740-8B21-8A041D981B40}.Debug|Any CPU.ActiveCfg = Debug|Any CPU
		{88EF99D1-54E5-4740-8B21-8A041D981B40}.Debug|Any CPU.Build.0 = Debug|Any CPU
		{88EF99D1-54E5-4740-8B21-8A041D981B40}.Release|Any CPU.ActiveCfg = Release|Any CPU
		{88EF99D1-54E5-4740-8B21-8A041D981B40}.Release|Any CPU.Build.0 = Release|Any CPU
		{97364CB2-DA93-4DE9-9608-E09E28306D5B}.Debug|Any CPU.ActiveCfg = Debug|Any CPU
		{97364CB2-DA93-4DE9-9608-E09E28306D5B}.Debug|Any CPU.Build.0 = Debug|Any CPU
		{97364CB2-DA93-4DE9-9608-E09E28306D5B}.Release|Any CPU.ActiveCfg = Release|Any CPU
		{97364CB2-DA93-4DE9-9608-E09E28306D5B}.Release|Any CPU.Build.0 = Release|Any CPU
		{81E4FA6B-7746-4915-BE7A-68A103D70CD1}.Debug|Any CPU.ActiveCfg = Debug|Any CPU
		{81E4FA6B-7746-4915-BE7A-68A103D70CD1}.Debug|Any CPU.Build.0 = Debug|Any CPU
		{81E4FA6B-7746-4915-BE7A-68A103D70CD1}.Release|Any CPU.ActiveCfg = Release|Any CPU
		{81E4FA6B-7746-4915-BE7A-68A103D70CD1}.Release|Any CPU.Build.0 = Release|Any CPU
	EndGlobalSection
	GlobalSection(SolutionProperties) = preSolution
		HideSolutionNode = FALSE
	EndGlobalSection
	GlobalSection(ExtensibilityGlobals) = postSolution
		SolutionGuid = {A8D4AC44-2E49-4868-95CF-4D487556C85A}
	EndGlobalSection
EndGlobal
