
Microsoft Visual Studio Solution File, Format Version 12.00
# Visual Studio Version 17
VisualStudioVersion = 17.2.32314.265
MinimumVisualStudioVersion = 10.0.40219.1
Project("{9A19103F-16F7-4668-BE54-9A1E7A4F7556}") = "Docshark.Runner", "src\Docshark.Runner\Docshark.Runner.csproj", "{EF56C0EE-5E93-4AB0-93B8-B77BD202A0D6}"
EndProject
Project("{9A19103F-16F7-4668-BE54-9A1E7A4F7556}") = "Docshark.Core", "src\Docshark.Core\Docshark.Core.csproj", "{0F6D424C-B7FE-4C33-B55D-6F28C6419469}"
EndProject
Project("{9A19103F-16F7-4668-BE54-9A1E7A4F7556}") = "Docshark.Test", "test\Docshark.Test\Docshark.Test.csproj", "{88EF99D1-54E5-4740-8B21-8A041D981B40}"
EndProject
Project("{9A19103F-16F7-4668-BE54-9A1E7A4F7556}") = "Docshark.Test.Data", "test\Docshark.Test.Data\Docshark.Test.Data.csproj", "{97364CB2-DA93-4DE9-9608-E09E28306D5B}"
EndProject
Project("{9A19103F-16F7-4668-BE54-9A1E7A4F7556}") = "Docshark.Core.TypeMapper", "src\Docshark.Core.TypeMapper\Docshark.Core.TypeMapper.csproj", "{FE814AA2-64CD-4646-8591-FF1C8714A3CF}"
EndProject
Project("{9A19103F-16F7-4668-BE54-9A1E7A4F7556}") = "Docshark.Test.TypeMapper", "test\Docshark.Test.TypeMapper\Docshark.Test.TypeMapper.csproj", "{7CA05279-0B9E-493E-8DF0-19F2A33D41C5}"
EndProject
Project("{9A19103F-16F7-4668-BE54-9A1E7A4F7556}") = "TransDep", "src\TransDep\TransDep.csproj", "{D08F4492-17FE-4BE4-96B6-BC469202C8E5}"
EndProject
Project("{9A19103F-16F7-4668-BE54-9A1E7A4F7556}") = "coredep", "src\coredep\coredep.csproj", "{93104CA8-0C4B-496A-BBC4-394DE67963C5}"
EndProject
Project("{FAE04EC0-301F-11D3-BF4B-00C04F79EFBC}") = "34433", "34433\34433.csproj", "{9EBABFAC-BF4D-4CC3-9604-1FEA484EE85D}"
EndProject
Project("{FAE04EC0-301F-11D3-BF4B-00C04F79EFBC}") = "testsssss", "testsssss\testsssss.csproj", "{284502BC-B15D-4810-8A99-996EC398BAD8}"
EndProject
Global
	GlobalSection(SolutionConfigurationPlatforms) = preSolution
		Debug|Any CPU = Debug|Any CPU
		Release|Any CPU = Release|Any CPU
	EndGlobalSection
	GlobalSection(ProjectConfigurationPlatforms) = postSolution
		{EF56C0EE-5E93-4AB0-93B8-B77BD202A0D6}.Debug|Any CPU.ActiveCfg = Debug|Any CPU
		{EF56C0EE-5E93-4AB0-93B8-B77BD202A0D6}.Debug|Any CPU.Build.0 = Debug|Any CPU
		{EF56C0EE-5E93-4AB0-93B8-B77BD202A0D6}.Release|Any CPU.ActiveCfg = Release|Any CPU
		{EF56C0EE-5E93-4AB0-93B8-B77BD202A0D6}.Release|Any CPU.Build.0 = Release|Any CPU
		{0F6D424C-B7FE-4C33-B55D-6F28C6419469}.Debug|Any CPU.ActiveCfg = Debug|Any CPU
		{0F6D424C-B7FE-4C33-B55D-6F28C6419469}.Debug|Any CPU.Build.0 = Debug|Any CPU
		{0F6D424C-B7FE-4C33-B55D-6F28C6419469}.Release|Any CPU.ActiveCfg = Release|Any CPU
		{0F6D424C-B7FE-4C33-B55D-6F28C6419469}.Release|Any CPU.Build.0 = Release|Any CPU
		{88EF99D1-54E5-4740-8B21-8A041D981B40}.Debug|Any CPU.ActiveCfg = Debug|Any CPU
		{88EF99D1-54E5-4740-8B21-8A041D981B40}.Debug|Any CPU.Build.0 = Debug|Any CPU
		{88EF99D1-54E5-4740-8B21-8A041D981B40}.Release|Any CPU.ActiveCfg = Release|Any CPU
		{88EF99D1-54E5-4740-8B21-8A041D981B40}.Release|Any CPU.Build.0 = Release|Any CPU
		{97364CB2-DA93-4DE9-9608-E09E28306D5B}.Debug|Any CPU.ActiveCfg = Debug|Any CPU
		{97364CB2-DA93-4DE9-9608-E09E28306D5B}.Debug|Any CPU.Build.0 = Debug|Any CPU
		{97364CB2-DA93-4DE9-9608-E09E28306D5B}.Release|Any CPU.ActiveCfg = Release|Any CPU
		{97364CB2-DA93-4DE9-9608-E09E28306D5B}.Release|Any CPU.Build.0 = Release|Any CPU
		{FE814AA2-64CD-4646-8591-FF1C8714A3CF}.Debug|Any CPU.ActiveCfg = Debug|Any CPU
		{FE814AA2-64CD-4646-8591-FF1C8714A3CF}.Debug|Any CPU.Build.0 = Debug|Any CPU
		{FE814AA2-64CD-4646-8591-FF1C8714A3CF}.Release|Any CPU.ActiveCfg = Release|Any CPU
		{FE814AA2-64CD-4646-8591-FF1C8714A3CF}.Release|Any CPU.Build.0 = Release|Any CPU
		{7CA05279-0B9E-493E-8DF0-19F2A33D41C5}.Debug|Any CPU.ActiveCfg = Debug|Any CPU
		{7CA05279-0B9E-493E-8DF0-19F2A33D41C5}.Debug|Any CPU.Build.0 = Debug|Any CPU
		{7CA05279-0B9E-493E-8DF0-19F2A33D41C5}.Release|Any CPU.ActiveCfg = Release|Any CPU
		{7CA05279-0B9E-493E-8DF0-19F2A33D41C5}.Release|Any CPU.Build.0 = Release|Any CPU
		{D08F4492-17FE-4BE4-96B6-BC469202C8E5}.Debug|Any CPU.ActiveCfg = Debug|Any CPU
		{D08F4492-17FE-4BE4-96B6-BC469202C8E5}.Debug|Any CPU.Build.0 = Debug|Any CPU
		{D08F4492-17FE-4BE4-96B6-BC469202C8E5}.Release|Any CPU.ActiveCfg = Release|Any CPU
		{D08F4492-17FE-4BE4-96B6-BC469202C8E5}.Release|Any CPU.Build.0 = Release|Any CPU
		{93104CA8-0C4B-496A-BBC4-394DE67963C5}.Debug|Any CPU.ActiveCfg = Debug|Any CPU
		{93104CA8-0C4B-496A-BBC4-394DE67963C5}.Debug|Any CPU.Build.0 = Debug|Any CPU
		{93104CA8-0C4B-496A-BBC4-394DE67963C5}.Release|Any CPU.ActiveCfg = Release|Any CPU
		{93104CA8-0C4B-496A-BBC4-394DE67963C5}.Release|Any CPU.Build.0 = Release|Any CPU
		{9EBABFAC-BF4D-4CC3-9604-1FEA484EE85D}.Debug|Any CPU.ActiveCfg = Debug|Any CPU
		{9EBABFAC-BF4D-4CC3-9604-1FEA484EE85D}.Debug|Any CPU.Build.0 = Debug|Any CPU
		{9EBABFAC-BF4D-4CC3-9604-1FEA484EE85D}.Release|Any CPU.ActiveCfg = Release|Any CPU
		{9EBABFAC-BF4D-4CC3-9604-1FEA484EE85D}.Release|Any CPU.Build.0 = Release|Any CPU
		{284502BC-B15D-4810-8A99-996EC398BAD8}.Debug|Any CPU.ActiveCfg = Debug|Any CPU
		{284502BC-B15D-4810-8A99-996EC398BAD8}.Debug|Any CPU.Build.0 = Debug|Any CPU
		{284502BC-B15D-4810-8A99-996EC398BAD8}.Release|Any CPU.ActiveCfg = Release|Any CPU
		{284502BC-B15D-4810-8A99-996EC398BAD8}.Release|Any CPU.Build.0 = Release|Any CPU
	EndGlobalSection
	GlobalSection(SolutionProperties) = preSolution
		HideSolutionNode = FALSE
	EndGlobalSection
	GlobalSection(ExtensibilityGlobals) = postSolution
		SolutionGuid = {A8D4AC44-2E49-4868-95CF-4D487556C85A}
	EndGlobalSection
EndGlobal
