
Microsoft Visual Studio Solution File, Format Version 12.00
# Visual Studio Version 17
VisualStudioVersion = 17.2.32314.265
MinimumVisualStudioVersion = 10.0.40219.1
Project("{9A19103F-16F7-4668-BE54-9A1E7A4F7556}") = "Docshark.Runner", "src\Docshark.Runner\Docshark.Runner.csproj", "{EF56C0EE-5E93-4AB0-93B8-B77BD202A0D6}"
EndProject
Project("{9A19103F-16F7-4668-BE54-9A1E7A4F7556}") = "Docshark.Core", "src\Docshark.Core\Docshark.Core.csproj", "{0F6D424C-B7FE-4C33-B55D-6F28C6419469}"
EndProject
Project("{9A19103F-16F7-4668-BE54-9A1E7A4F7556}") = "Docshark.Test", "test\Docshark.Test\Docshark.Test.csproj", "{88EF99D1-54E5-4740-8B21-8A041D981B40}"
EndProject
Project("{9A19103F-16F7-4668-BE54-9A1E7A4F7556}") = "Docshark.Test.Data", "test\Docshark.Test.Data\Docshark.Test.Data.csproj", "{97364CB2-DA93-4DE9-9608-E09E28306D5B}"
EndProject
Project("{9A19103F-16F7-4668-BE54-9A1E7A4F7556}") = "Docshark.Test.Global", "test\Docshark.Test.Global\Docshark.Test.Global.csproj", "{7CA05279-0B9E-493E-8DF0-19F2A33D41C5}"
EndProject
Project("{9A19103F-16F7-4668-BE54-9A1E7A4F7556}") = "Docshark.Core.Mapper.Codebase", "src\Docshark.Core.Mapper.Codebase\Docshark.Core.Mapper.Codebase.csproj", "{BE8311C1-06AA-4E9B-ACFF-0704424CAD67}"
EndProject
Project("{9A19103F-16F7-4668-BE54-9A1E7A4F7556}") = "Docshark.Core.Models.Codebase", "src\Docshark.Core.Models.Codebase\Docshark.Core.Models.Codebase.csproj", "{268FFBE4-67F4-4A7C-A837-F1672B88DB50}"
EndProject
Project("{9A19103F-16F7-4668-BE54-9A1E7A4F7556}") = "Docshark.Core.Models.Project", "src\Docshark.Core.Models.Project\Docshark.Core.Models.Project.csproj", "{20473234-49A1-4B45-B15F-4FA045B75CDA}"
EndProject
Project("{9A19103F-16F7-4668-BE54-9A1E7A4F7556}") = "Docshark.Core.Mapper.Project", "src\Docshark.Core.Mapper.Project\Docshark.Core.Mapper.Project.csproj", "{3A7D5E92-2A91-4C06-B84C-8430005C5CEE}"
EndProject
Project("{9A19103F-16F7-4668-BE54-9A1E7A4F7556}") = "Docshark.Core.Global", "src\Docshark.Core.Global\Docshark.Core.Global.csproj", "{E68A9CE1-7B3B-42B7-B783-1B9338E92A08}"
EndProject
Project("{FAE04EC0-301F-11D3-BF4B-00C04F79EFBC}") = "SimpleProject", "src\SimpleProject\SimpleProject.csproj", "{D9634C9E-FCA9-4B1F-AA6B-707996863A3D}"
EndProject
Global
	GlobalSection(SolutionConfigurationPlatforms) = preSolution
		Debug|Any CPU = Debug|Any CPU
		Release|Any CPU = Release|Any CPU
	EndGlobalSection
	GlobalSection(ProjectConfigurationPlatforms) = postSolution
		{EF56C0EE-5E93-4AB0-93B8-B77BD202A0D6}.Debug|Any CPU.ActiveCfg = Debug|Any CPU
		{EF56C0EE-5E93-4AB0-93B8-B77BD202A0D6}.Debug|Any CPU.Build.0 = Debug|Any CPU
		{EF56C0EE-5E93-4AB0-93B8-B77BD202A0D6}.Release|Any CPU.ActiveCfg = Release|Any CPU
		{EF56C0EE-5E93-4AB0-93B8-B77BD202A0D6}.Release|Any CPU.Build.0 = Release|Any CPU
		{0F6D424C-B7FE-4C33-B55D-6F28C6419469}.Debug|Any CPU.ActiveCfg = Debug|Any CPU
		{0F6D424C-B7FE-4C33-B55D-6F28C6419469}.Debug|Any CPU.Build.0 = Debug|Any CPU
		{0F6D424C-B7FE-4C33-B55D-6F28C6419469}.Release|Any CPU.ActiveCfg = Release|Any CPU
		{0F6D424C-B7FE-4C33-B55D-6F28C6419469}.Release|Any CPU.Build.0 = Release|Any CPU
		{88EF99D1-54E5-4740-8B21-8A041D981B40}.Debug|Any CPU.ActiveCfg = Debug|Any CPU
		{88EF99D1-54E5-4740-8B21-8A041D981B40}.Debug|Any CPU.Build.0 = Debug|Any CPU
		{88EF99D1-54E5-4740-8B21-8A041D981B40}.Release|Any CPU.ActiveCfg = Release|Any CPU
		{88EF99D1-54E5-4740-8B21-8A041D981B40}.Release|Any CPU.Build.0 = Release|Any CPU
		{97364CB2-DA93-4DE9-9608-E09E28306D5B}.Debug|Any CPU.ActiveCfg = Debug|Any CPU
		{97364CB2-DA93-4DE9-9608-E09E28306D5B}.Debug|Any CPU.Build.0 = Debug|Any CPU
		{97364CB2-DA93-4DE9-9608-E09E28306D5B}.Release|Any CPU.ActiveCfg = Release|Any CPU
		{97364CB2-DA93-4DE9-9608-E09E28306D5B}.Release|Any CPU.Build.0 = Release|Any CPU
		{7CA05279-0B9E-493E-8DF0-19F2A33D41C5}.Debug|Any CPU.ActiveCfg = Debug|Any CPU
		{7CA05279-0B9E-493E-8DF0-19F2A33D41C5}.Debug|Any CPU.Build.0 = Debug|Any CPU
		{7CA05279-0B9E-493E-8DF0-19F2A33D41C5}.Release|Any CPU.ActiveCfg = Release|Any CPU
		{7CA05279-0B9E-493E-8DF0-19F2A33D41C5}.Release|Any CPU.Build.0 = Release|Any CPU
		{BE8311C1-06AA-4E9B-ACFF-0704424CAD67}.Debug|Any CPU.ActiveCfg = Debug|Any CPU
		{BE8311C1-06AA-4E9B-ACFF-0704424CAD67}.Debug|Any CPU.Build.0 = Debug|Any CPU
		{BE8311C1-06AA-4E9B-ACFF-0704424CAD67}.Release|Any CPU.ActiveCfg = Release|Any CPU
		{BE8311C1-06AA-4E9B-ACFF-0704424CAD67}.Release|Any CPU.Build.0 = Release|Any CPU
		{268FFBE4-67F4-4A7C-A837-F1672B88DB50}.Debug|Any CPU.ActiveCfg = Debug|Any CPU
		{268FFBE4-67F4-4A7C-A837-F1672B88DB50}.Debug|Any CPU.Build.0 = Debug|Any CPU
		{268FFBE4-67F4-4A7C-A837-F1672B88DB50}.Release|Any CPU.ActiveCfg = Release|Any CPU
		{268FFBE4-67F4-4A7C-A837-F1672B88DB50}.Release|Any CPU.Build.0 = Release|Any CPU
		{20473234-49A1-4B45-B15F-4FA045B75CDA}.Debug|Any CPU.ActiveCfg = Debug|Any CPU
		{20473234-49A1-4B45-B15F-4FA045B75CDA}.Debug|Any CPU.Build.0 = Debug|Any CPU
		{20473234-49A1-4B45-B15F-4FA045B75CDA}.Release|Any CPU.ActiveCfg = Release|Any CPU
		{20473234-49A1-4B45-B15F-4FA045B75CDA}.Release|Any CPU.Build.0 = Release|Any CPU
		{3A7D5E92-2A91-4C06-B84C-8430005C5CEE}.Debug|Any CPU.ActiveCfg = Debug|Any CPU
		{3A7D5E92-2A91-4C06-B84C-8430005C5CEE}.Debug|Any CPU.Build.0 = Debug|Any CPU
		{3A7D5E92-2A91-4C06-B84C-8430005C5CEE}.Release|Any CPU.ActiveCfg = Release|Any CPU
		{3A7D5E92-2A91-4C06-B84C-8430005C5CEE}.Release|Any CPU.Build.0 = Release|Any CPU
		{E68A9CE1-7B3B-42B7-B783-1B9338E92A08}.Debug|Any CPU.ActiveCfg = Debug|Any CPU
		{E68A9CE1-7B3B-42B7-B783-1B9338E92A08}.Debug|Any CPU.Build.0 = Debug|Any CPU
		{E68A9CE1-7B3B-42B7-B783-1B9338E92A08}.Release|Any CPU.ActiveCfg = Release|Any CPU
		{E68A9CE1-7B3B-42B7-B783-1B9338E92A08}.Release|Any CPU.Build.0 = Release|Any CPU
		{D9634C9E-FCA9-4B1F-AA6B-707996863A3D}.Debug|Any CPU.ActiveCfg = Debug|Any CPU
		{D9634C9E-FCA9-4B1F-AA6B-707996863A3D}.Debug|Any CPU.Build.0 = Debug|Any CPU
		{D9634C9E-FCA9-4B1F-AA6B-707996863A3D}.Release|Any CPU.ActiveCfg = Release|Any CPU
		{D9634C9E-FCA9-4B1F-AA6B-707996863A3D}.Release|Any CPU.Build.0 = Release|Any CPU
	EndGlobalSection
	GlobalSection(SolutionProperties) = preSolution
		HideSolutionNode = FALSE
	EndGlobalSection
	GlobalSection(ExtensibilityGlobals) = postSolution
		SolutionGuid = {A8D4AC44-2E49-4868-95CF-4D487556C85A}
	EndGlobalSection
EndGlobal
